
Microsoft Visual Studio Solution File, Format Version 12.00
# Visual Studio Version 17
VisualStudioVersion = 17.0.31903.59
MinimumVisualStudioVersion = 10.0.40219.1
Project("{2150E333-8FDC-42A3-9474-1A3956D46DE8}") = "src", "src", "{858FE2B2-C6FF-4BED-904F-728BAD41E22A}"
EndProject
Project("{FAE04EC0-301F-11D3-BF4B-00C04F79EFBC}") = "Domain", "src\Domain\Domain.csproj", "{42F4B5DD-CC49-49DD-BAA2-B5468FD14878}"
EndProject
Project("{FAE04EC0-301F-11D3-BF4B-00C04F79EFBC}") = "SharedKernel", "src\SharedKernel\SharedKernel.csproj", "{55683A14-A5D9-4926-A074-A4F06E0FCCBC}"
EndProject
Project("{2150E333-8FDC-42A3-9474-1A3956D46DE8}") = "tests", "tests", "{645D6B8F-9757-4BEA-8742-D70FED9BE9E1}"
EndProject
Project("{FAE04EC0-301F-11D3-BF4B-00C04F79EFBC}") = "DomainTests", "tests\DomainTests\DomainTests.csproj", "{1820594A-DB03-4299-8689-FC4A28D678A3}"
EndProject
Project("{FAE04EC0-301F-11D3-BF4B-00C04F79EFBC}") = "Application", "src\Application\Application.csproj", "{5B9EC42D-2D32-4F0C-8F40-F914C7B3F4C1}"
EndProject
Project("{FAE04EC0-301F-11D3-BF4B-00C04F79EFBC}") = "ApplicationTests", "tests\ApplicationTests\ApplicationTests.csproj", "{C855C16F-FE75-4F3E-8C10-131C35CFF5CF}"
EndProject
Project("{FAE04EC0-301F-11D3-BF4B-00C04F79EFBC}") = "Infrastructure", "src\Infrastructure\Infrastructure.csproj", "{F59059F1-1FEB-4FE1-B98F-09D000B99A7B}"
EndProject
Project("{FAE04EC0-301F-11D3-BF4B-00C04F79EFBC}") = "InfrastructureTests", "tests\InfrastructureTests\InfrastructureTests.csproj", "{A0D3B876-730C-4FD2-A83C-BB9ECD48249B}"
EndProject
Project("{FAE04EC0-301F-11D3-BF4B-00C04F79EFBC}") = "Persistence", "src\Persistence\Persistence.csproj", "{D987FFE4-AF4D-4F84-80D4-3C03E493424E}"
EndProject
Project("{FAE04EC0-301F-11D3-BF4B-00C04F79EFBC}") = "PersistenceTests", "tests\PersistenceTests\PersistenceTests.csproj", "{9192A45E-15F9-4092-93B1-DB555AAC1DD9}"
EndProject
Global
	GlobalSection(SolutionConfigurationPlatforms) = preSolution
		Debug|Any CPU = Debug|Any CPU
		Release|Any CPU = Release|Any CPU
	EndGlobalSection
	GlobalSection(SolutionProperties) = preSolution
		HideSolutionNode = FALSE
	EndGlobalSection
	GlobalSection(NestedProjects) = preSolution
		{42F4B5DD-CC49-49DD-BAA2-B5468FD14878} = {858FE2B2-C6FF-4BED-904F-728BAD41E22A}
		{55683A14-A5D9-4926-A074-A4F06E0FCCBC} = {858FE2B2-C6FF-4BED-904F-728BAD41E22A}
		{1820594A-DB03-4299-8689-FC4A28D678A3} = {645D6B8F-9757-4BEA-8742-D70FED9BE9E1}
		{5B9EC42D-2D32-4F0C-8F40-F914C7B3F4C1} = {858FE2B2-C6FF-4BED-904F-728BAD41E22A}
		{C855C16F-FE75-4F3E-8C10-131C35CFF5CF} = {645D6B8F-9757-4BEA-8742-D70FED9BE9E1}
		{F59059F1-1FEB-4FE1-B98F-09D000B99A7B} = {858FE2B2-C6FF-4BED-904F-728BAD41E22A}
		{A0D3B876-730C-4FD2-A83C-BB9ECD48249B} = {645D6B8F-9757-4BEA-8742-D70FED9BE9E1}
		{D987FFE4-AF4D-4F84-80D4-3C03E493424E} = {858FE2B2-C6FF-4BED-904F-728BAD41E22A}
		{9192A45E-15F9-4092-93B1-DB555AAC1DD9} = {645D6B8F-9757-4BEA-8742-D70FED9BE9E1}
	EndGlobalSection
	GlobalSection(ProjectConfigurationPlatforms) = postSolution
		{42F4B5DD-CC49-49DD-BAA2-B5468FD14878}.Debug|Any CPU.ActiveCfg = Debug|Any CPU
		{42F4B5DD-CC49-49DD-BAA2-B5468FD14878}.Debug|Any CPU.Build.0 = Debug|Any CPU
		{42F4B5DD-CC49-49DD-BAA2-B5468FD14878}.Release|Any CPU.ActiveCfg = Release|Any CPU
		{42F4B5DD-CC49-49DD-BAA2-B5468FD14878}.Release|Any CPU.Build.0 = Release|Any CPU
		{55683A14-A5D9-4926-A074-A4F06E0FCCBC} = {F50F1780-2919-4893-806F-2742821CEF2A}
		{1820594A-DB03-4299-8689-FC4A28D678A3}.Debug|Any CPU.ActiveCfg = Debug|Any CPU
		{1820594A-DB03-4299-8689-FC4A28D678A3}.Debug|Any CPU.Build.0 = Debug|Any CPU
		{1820594A-DB03-4299-8689-FC4A28D678A3}.Release|Any CPU.ActiveCfg = Release|Any CPU
		{1820594A-DB03-4299-8689-FC4A28D678A3}.Release|Any CPU.Build.0 = Release|Any CPU
		{5B9EC42D-2D32-4F0C-8F40-F914C7B3F4C1}.Debug|Any CPU.ActiveCfg = Debug|Any CPU
		{5B9EC42D-2D32-4F0C-8F40-F914C7B3F4C1}.Debug|Any CPU.Build.0 = Debug|Any CPU
		{5B9EC42D-2D32-4F0C-8F40-F914C7B3F4C1}.Release|Any CPU.ActiveCfg = Release|Any CPU
		{5B9EC42D-2D32-4F0C-8F40-F914C7B3F4C1}.Release|Any CPU.Build.0 = Release|Any CPU
		{C855C16F-FE75-4F3E-8C10-131C35CFF5CF}.Debug|Any CPU.ActiveCfg = Debug|Any CPU
		{C855C16F-FE75-4F3E-8C10-131C35CFF5CF}.Debug|Any CPU.Build.0 = Debug|Any CPU
		{C855C16F-FE75-4F3E-8C10-131C35CFF5CF}.Release|Any CPU.ActiveCfg = Release|Any CPU
		{C855C16F-FE75-4F3E-8C10-131C35CFF5CF}.Release|Any CPU.Build.0 = Release|Any CPU
		{F59059F1-1FEB-4FE1-B98F-09D000B99A7B}.Debug|Any CPU.ActiveCfg = Debug|Any CPU
		{F59059F1-1FEB-4FE1-B98F-09D000B99A7B}.Debug|Any CPU.Build.0 = Debug|Any CPU
		{F59059F1-1FEB-4FE1-B98F-09D000B99A7B}.Release|Any CPU.ActiveCfg = Release|Any CPU
		{F59059F1-1FEB-4FE1-B98F-09D000B99A7B}.Release|Any CPU.Build.0 = Release|Any CPU
		{A0D3B876-730C-4FD2-A83C-BB9ECD48249B}.Debug|Any CPU.ActiveCfg = Debug|Any CPU
		{A0D3B876-730C-4FD2-A83C-BB9ECD48249B}.Debug|Any CPU.Build.0 = Debug|Any CPU
		{A0D3B876-730C-4FD2-A83C-BB9ECD48249B}.Release|Any CPU.ActiveCfg = Release|Any CPU
		{A0D3B876-730C-4FD2-A83C-BB9ECD48249B}.Release|Any CPU.Build.0 = Release|Any CPU
		{D987FFE4-AF4D-4F84-80D4-3C03E493424E}.Debug|Any CPU.ActiveCfg = Debug|Any CPU
		{D987FFE4-AF4D-4F84-80D4-3C03E493424E}.Debug|Any CPU.Build.0 = Debug|Any CPU
		{D987FFE4-AF4D-4F84-80D4-3C03E493424E}.Release|Any CPU.ActiveCfg = Release|Any CPU
		{D987FFE4-AF4D-4F84-80D4-3C03E493424E}.Release|Any CPU.Build.0 = Release|Any CPU
		{9192A45E-15F9-4092-93B1-DB555AAC1DD9}.Debug|Any CPU.ActiveCfg = Debug|Any CPU
		{9192A45E-15F9-4092-93B1-DB555AAC1DD9}.Debug|Any CPU.Build.0 = Debug|Any CPU
		{9192A45E-15F9-4092-93B1-DB555AAC1DD9}.Release|Any CPU.ActiveCfg = Release|Any CPU
		{9192A45E-15F9-4092-93B1-DB555AAC1DD9}.Release|Any CPU.Build.0 = Release|Any CPU
	EndGlobalSection
	GlobalSection(ProjectConfigurationPlatforms) = postSolution
		{55683A14-A5D9-4926-A074-A4F06E0FCCBC}.Debug|Any CPU.ActiveCfg = Debug|Any CPU
		{55683A14-A5D9-4926-A074-A4F06E0FCCBC}.Debug|Any CPU.Build.0 = Debug|Any CPU
		{55683A14-A5D9-4926-A074-A4F06E0FCCBC}.Release|Any CPU.ActiveCfg = Release|Any CPU
		{55683A14-A5D9-4926-A074-A4F06E0FCCBC}.Release|Any CPU.Build.0 = Release|Any CPU
	EndGlobalSection
EndGlobal
