
Microsoft Visual Studio Solution File, Format Version 12.00
# Visual Studio Version 17
VisualStudioVersion = 17.0.31903.59
MinimumVisualStudioVersion = 10.0.40219.1
Project("{2150E333-8FDC-42A3-9474-1A3956D46DE8}") = "src", "src", "{858FE2B2-C6FF-4BED-904F-728BAD41E22A}"
EndProject
Project("{FAE04EC0-301F-11D3-BF4B-00C04F79EFBC}") = "Domain", "src\Domain\Domain.csproj", "{42F4B5DD-CC49-49DD-BAA2-B5468FD14878}"
EndProject
Global
	GlobalSection(SolutionConfigurationPlatforms) = preSolution
		Debug|Any CPU = Debug|Any CPU
		Release|Any CPU = Release|Any CPU
	EndGlobalSection
	GlobalSection(SolutionProperties) = preSolution
		HideSolutionNode = FALSE
	EndGlobalSection
	GlobalSection(NestedProjects) = preSolution
		{42F4B5DD-CC49-49DD-BAA2-B5468FD14878} = {858FE2B2-C6FF-4BED-904F-728BAD41E22A}
	EndGlobalSection
	GlobalSection(ProjectConfigurationPlatforms) = postSolution
		{42F4B5DD-CC49-49DD-BAA2-B5468FD14878}.Debug|Any CPU.ActiveCfg = Debug|Any CPU
		{42F4B5DD-CC49-49DD-BAA2-B5468FD14878}.Debug|Any CPU.Build.0 = Debug|Any CPU
		{42F4B5DD-CC49-49DD-BAA2-B5468FD14878}.Release|Any CPU.ActiveCfg = Release|Any CPU
		{42F4B5DD-CC49-49DD-BAA2-B5468FD14878}.Release|Any CPU.Build.0 = Release|Any CPU
	EndGlobalSection
EndGlobal
